// !$*UTF8*$!
{
	archiveVersion = 1;
	classes = {
	};
	objectVersion = 46;
	objects = {

/* Begin PBXBuildFile section */
		259528981BAF504900FA08FF /* main.c in Sources */ = {isa = PBXBuildFile; fileRef = 259528971BAF504900FA08FF /* main.c */; };
/* End PBXBuildFile section */

/* Begin PBXCopyFilesBuildPhase section */
		259528921BAF504900FA08FF /* CopyFiles */ = {
			isa = PBXCopyFilesBuildPhase;
			buildActionMask = 2147483647;
			dstPath = /usr/share/man/man1/;
			dstSubfolderSpec = 0;
			files = (
			);
			runOnlyForDeploymentPostprocessing = 1;
		};
/* End PBXCopyFilesBuildPhase section */

/* Begin PBXFileReference section */
		257C89681BB2D73600064A3F /* input.txt */ = {isa = PBXFileReference; fileEncoding = 4; lastKnownFileType = text; path = input.txt; sourceTree = "<group>"; };
		259528941BAF504900FA08FF /* bestSubsequenceNSquared */ = {isa = PBXFileReference; explicitFileType = "compiled.mach-o.executable"; includeInIndex = 0; path = bestSubsequenceNSquared; sourceTree = BUILT_PRODUCTS_DIR; };
		259528971BAF504900FA08FF /* main.c */ = {isa = PBXFileReference; lastKnownFileType = sourcecode.c.c; path = main.c; sourceTree = "<group>"; };
/* End PBXFileReference section */

/* Begin PBXFrameworksBuildPhase section */
		259528911BAF504900FA08FF /* Frameworks */ = {
			isa = PBXFrameworksBuildPhase;
			buildActionMask = 2147483647;
			files = (
			);
			runOnlyForDeploymentPostprocessing = 0;
		};
/* End PBXFrameworksBuildPhase section */

/* Begin PBXGroup section */
		2595288B1BAF504900FA08FF = {
			isa = PBXGroup;
			children = (
				259528961BAF504900FA08FF /* bestSubsequenceNSquared */,
				259528951BAF504900FA08FF /* Products */,
			);
			sourceTree = "<group>";
		};
		259528951BAF504900FA08FF /* Products */ = {
			isa = PBXGroup;
			children = (
				259528941BAF504900FA08FF /* bestSubsequenceNSquared */,
			);
			name = Products;
			sourceTree = "<group>";
		};
		259528961BAF504900FA08FF /* bestSubsequenceNSquared */ = {
			isa = PBXGroup;
			children = (
				259528971BAF504900FA08FF /* main.c */,
				257C89681BB2D73600064A3F /* input.txt */,
			);
			path = bestSubsequenceNSquared;
			sourceTree = "<group>";
		};
/* End PBXGroup section */

/* Begin PBXNativeTarget section */
		259528931BAF504900FA08FF /* bestSubsequenceNSquared */ = {
			isa = PBXNativeTarget;
			buildConfigurationList = 2595289B1BAF504900FA08FF /* Build configuration list for PBXNativeTarget "bestSubsequenceNSquared" */;
			buildPhases = (
				259528901BAF504900FA08FF /* Sources */,
				259528911BAF504900FA08FF /* Frameworks */,
				259528921BAF504900FA08FF /* CopyFiles */,
			);
			buildRules = (
			);
			dependencies = (
			);
			name = bestSubsequenceNSquared;
			productName = bestSubsequenceNSquared;
			productReference = 259528941BAF504900FA08FF /* bestSubsequenceNSquared */;
			productType = "com.apple.product-type.tool";
		};
/* End PBXNativeTarget section */

/* Begin PBXProject section */
		2595288C1BAF504900FA08FF /* Project object */ = {
			isa = PBXProject;
			attributes = {
				LastUpgradeCheck = 0630;
				ORGANIZATIONNAME = "Randy Ram";
				TargetAttributes = {
					259528931BAF504900FA08FF = {
						CreatedOnToolsVersion = 6.3;
					};
				};
			};
			buildConfigurationList = 2595288F1BAF504900FA08FF /* Build configuration list for PBXProject "bestSubsequenceNSquared" */;
			compatibilityVersion = "Xcode 3.2";
			developmentRegion = English;
			hasScannedForEncodings = 0;
			knownRegions = (
				en,
			);
			mainGroup = 2595288B1BAF504900FA08FF;
			productRefGroup = 259528951BAF504900FA08FF /* Products */;
			projectDirPath = "";
			projectRoot = "";
			targets = (
				259528931BAF504900FA08FF /* bestSubsequenceNSquared */,
			);
		};
/* End PBXProject section */

/* Begin PBXSourcesBuildPhase section */
		259528901BAF504900FA08FF /* Sources */ = {
			isa = PBXSourcesBuildPhase;
			buildActionMask = 2147483647;
			files = (
				259528981BAF504900FA08FF /* main.c in Sources */,
			);
			runOnlyForDeploymentPostprocessing = 0;
		};
/* End PBXSourcesBuildPhase section */

/* Begin XCBuildConfiguration section */
		259528991BAF504900FA08FF /* Debug */ = {
			isa = XCBuildConfiguration;
			buildSettings = {
				ALWAYS_SEARCH_USER_PATHS = NO;
				CLANG_CXX_LANGUAGE_STANDARD = "gnu++0x";
				CLANG_CXX_LIBRARY = "libc++";
				CLANG_ENABLE_MODULES = YES;
				CLANG_ENABLE_OBJC_ARC = YES;
				CLANG_WARN_BOOL_CONVERSION = YES;
				CLANG_WARN_CONSTANT_CONVERSION = YES;
				CLANG_WARN_DIRECT_OBJC_ISA_USAGE = YES_ERROR;
				CLANG_WARN_EMPTY_BODY = YES;
				CLANG_WARN_ENUM_CONVERSION = YES;
				CLANG_WARN_INT_CONVERSION = YES;
				CLANG_WARN_OBJC_ROOT_CLASS = YES_ERROR;
				CLANG_WARN_UNREACHABLE_CODE = YES;
				CLANG_WARN__DUPLICATE_METHOD_MATCH = YES;
				COPY_PHASE_STRIP = NO;
				DEBUG_INFORMATION_FORMAT = dwarf;
				ENABLE_STRICT_OBJC_MSGSEND = YES;
				GCC_C_LANGUAGE_STANDARD = gnu99;
				GCC_DYNAMIC_NO_PIC = NO;
				GCC_NO_COMMON_BLOCKS = YES;
				GCC_OPTIMIZATION_LEVEL = 0;
				GCC_PREPROCESSOR_DEFINITIONS = (
					"DEBUG=1",
					"$(inherited)",
				);
				GCC_SYMBOLS_PRIVATE_EXTERN = NO;
				GCC_WARN_64_TO_32_BIT_CONVERSION = YES;
				GCC_WARN_ABOUT_RETURN_TYPE = YES_ERROR;
				GCC_WARN_UNDECLARED_SELECTOR = YES;
				GCC_WARN_UNINITIALIZED_AUTOS = YES_AGGRESSIVE;
				GCC_WARN_UNUSED_FUNCTION = YES;
				GCC_WARN_UNUSED_VARIABLE = YES;
				MACOSX_DEPLOYMENT_TARGET = 10.10;
				MTL_ENABLE_DEBUG_INFO = YES;
				ONLY_ACTIVE_ARCH = YES;
				SDKROOT = macosx;
			};
			name = Debug;
		};
		2595289A1BAF504900FA08FF /* Release */ = {
			isa = XCBuildConfiguration;
			buildSettings = {
				ALWAYS_SEARCH_USER_PATHS = NO;
				CLANG_CXX_LANGUAGE_STANDARD = "gnu++0x";
				CLANG_CXX_LIBRARY = "libc++";
				CLANG_ENABLE_MODULES = YES;
				CLANG_ENABLE_OBJC_ARC = YES;
				CLANG_WARN_BOOL_CONVERSION = YES;
				CLANG_WARN_CONSTANT_CONVERSION = YES;
				CLANG_WARN_DIRECT_OBJC_ISA_USAGE = YES_ERROR;
				CLANG_WARN_EMPTY_BODY = YES;
				CLANG_WARN_ENUM_CONVERSION = YES;
				CLANG_WARN_INT_CONVERSION = YES;
				CLANG_WARN_OBJC_ROOT_CLASS = YES_ERROR;
				CLANG_WARN_UNREACHABLE_CODE = YES;
				CLANG_WARN__DUPLICATE_METHOD_MATCH = YES;
				COPY_PHASE_STRIP = NO;
				DEBUG_INFORMATION_FORMAT = "dwarf-with-dsym";
				ENABLE_NS_ASSERTIONS = NO;
				ENABLE_STRICT_OBJC_MSGSEND = YES;
				GCC_C_LANGUAGE_STANDARD = gnu99;
				GCC_NO_COMMON_BLOCKS = YES;
				GCC_WARN_64_TO_32_BIT_CONVERSION = YES;
				GCC_WARN_ABOUT_RETURN_TYPE = YES_ERROR;
				GCC_WARN_UNDECLARED_SELECTOR = YES;
				GCC_WARN_UNINITIALIZED_AUTOS = YES_AGGRESSIVE;
				GCC_WARN_UNUSED_FUNCTION = YES;
				GCC_WARN_UNUSED_VARIABLE = YES;
				MACOSX_DEPLOYMENT_TARGET = 10.10;
				MTL_ENABLE_DEBUG_INFO = NO;
				SDKROOT = macosx;
			};
			name = Release;
		};
		2595289C1BAF504900FA08FF /* Debug */ = {
			isa = XCBuildConfiguration;
			buildSettings = {
				PRODUCT_NAME = "$(TARGET_NAME)";
			};
			name = Debug;
		};
		2595289D1BAF504900FA08FF /* Release */ = {
			isa = XCBuildConfiguration;
			buildSettings = {
				PRODUCT_NAME = "$(TARGET_NAME)";
			};
			name = Release;
		};
/* End XCBuildConfiguration section */

/* Begin XCConfigurationList section */
		2595288F1BAF504900FA08FF /* Build configuration list for PBXProject "bestSubsequenceNSquared" */ = {
			isa = XCConfigurationList;
			buildConfigurations = (
				259528991BAF504900FA08FF /* Debug */,
				2595289A1BAF504900FA08FF /* Release */,
			);
			defaultConfigurationIsVisible = 0;
			defaultConfigurationName = Release;
		};
		2595289B1BAF504900FA08FF /* Build configuration list for PBXNativeTarget "bestSubsequenceNSquared" */ = {
			isa = XCConfigurationList;
			buildConfigurations = (
				2595289C1BAF504900FA08FF /* Debug */,
				2595289D1BAF504900FA08FF /* Release */,
			);
			defaultConfigurationIsVisible = 0;
			defaultConfigurationName = Release;
		};
/* End XCConfigurationList section */
	};
	rootObject = 2595288C1BAF504900FA08FF /* Project object */;
}
